// !$*UTF8*$!
{
	archiveVersion = 1;
	classes = {
	};
	objectVersion = 46;
	objects = {

/* Begin PBXBuildFile section */
		6F97457718F9251D00D02FFC /* Foundation.framework in Frameworks */ = {isa = PBXBuildFile; fileRef = 6F97457618F9251D00D02FFC /* Foundation.framework */; };
		6F97457918F9251D00D02FFC /* CoreGraphics.framework in Frameworks */ = {isa = PBXBuildFile; fileRef = 6F97457818F9251D00D02FFC /* CoreGraphics.framework */; };
		6F97457B18F9251D00D02FFC /* UIKit.framework in Frameworks */ = {isa = PBXBuildFile; fileRef = 6F97457A18F9251D00D02FFC /* UIKit.framework */; };
		6F97458118F9251D00D02FFC /* InfoPlist.strings in Resources */ = {isa = PBXBuildFile; fileRef = 6F97457F18F9251D00D02FFC /* InfoPlist.strings */; };
		6F97458318F9251D00D02FFC /* main.m in Sources */ = {isa = PBXBuildFile; fileRef = 6F97458218F9251D00D02FFC /* main.m */; };
		6F97458718F9251D00D02FFC /* AppDelegate.m in Sources */ = {isa = PBXBuildFile; fileRef = 6F97458618F9251D00D02FFC /* AppDelegate.m */; };
		6F97458A18F9251D00D02FFC /* Main.storyboard in Resources */ = {isa = PBXBuildFile; fileRef = 6F97458818F9251D00D02FFC /* Main.storyboard */; };
		6F97458D18F9251D00D02FFC /* ViewController.m in Sources */ = {isa = PBXBuildFile; fileRef = 6F97458C18F9251D00D02FFC /* ViewController.m */; };
		6F97458F18F9251D00D02FFC /* Images.xcassets in Resources */ = {isa = PBXBuildFile; fileRef = 6F97458E18F9251D00D02FFC /* Images.xcassets */; };
		6F97459618F9251E00D02FFC /* XCTest.framework in Frameworks */ = {isa = PBXBuildFile; fileRef = 6F97459518F9251E00D02FFC /* XCTest.framework */; };
		6F97459718F9251E00D02FFC /* Foundation.framework in Frameworks */ = {isa = PBXBuildFile; fileRef = 6F97457618F9251D00D02FFC /* Foundation.framework */; };
		6F97459818F9251E00D02FFC /* UIKit.framework in Frameworks */ = {isa = PBXBuildFile; fileRef = 6F97457A18F9251D00D02FFC /* UIKit.framework */; };
		6F9745A018F9251E00D02FFC /* InfoPlist.strings in Resources */ = {isa = PBXBuildFile; fileRef = 6F97459E18F9251E00D02FFC /* InfoPlist.strings */; };
		6F9745A218F9251E00D02FFC /* JackitTests.m in Sources */ = {isa = PBXBuildFile; fileRef = 6F9745A118F9251E00D02FFC /* JackitTests.m */; };
/* End PBXBuildFile section */

/* Begin PBXContainerItemProxy section */
		6F97459918F9251E00D02FFC /* PBXContainerItemProxy */ = {
			isa = PBXContainerItemProxy;
			containerPortal = 6F97456B18F9251C00D02FFC /* Project object */;
			proxyType = 1;
			remoteGlobalIDString = 6F97457218F9251C00D02FFC;
			remoteInfo = Jackit;
		};
/* End PBXContainerItemProxy section */

/* Begin PBXFileReference section */
		6F97457318F9251C00D02FFC /* Jackit.app */ = {isa = PBXFileReference; explicitFileType = wrapper.application; includeInIndex = 0; path = Jackit.app; sourceTree = BUILT_PRODUCTS_DIR; };
		6F97457618F9251D00D02FFC /* Foundation.framework */ = {isa = PBXFileReference; lastKnownFileType = wrapper.framework; name = Foundation.framework; path = System/Library/Frameworks/Foundation.framework; sourceTree = SDKROOT; };
		6F97457818F9251D00D02FFC /* CoreGraphics.framework */ = {isa = PBXFileReference; lastKnownFileType = wrapper.framework; name = CoreGraphics.framework; path = System/Library/Frameworks/CoreGraphics.framework; sourceTree = SDKROOT; };
		6F97457A18F9251D00D02FFC /* UIKit.framework */ = {isa = PBXFileReference; lastKnownFileType = wrapper.framework; name = UIKit.framework; path = System/Library/Frameworks/UIKit.framework; sourceTree = SDKROOT; };
		6F97457E18F9251D00D02FFC /* Jackit-Info.plist */ = {isa = PBXFileReference; lastKnownFileType = text.plist.xml; path = "Jackit-Info.plist"; sourceTree = "<group>"; };
		6F97458018F9251D00D02FFC /* en */ = {isa = PBXFileReference; lastKnownFileType = text.plist.strings; name = en; path = en.lproj/InfoPlist.strings; sourceTree = "<group>"; };
		6F97458218F9251D00D02FFC /* main.m */ = {isa = PBXFileReference; lastKnownFileType = sourcecode.c.objc; path = main.m; sourceTree = "<group>"; };
		6F97458418F9251D00D02FFC /* Jackit-Prefix.pch */ = {isa = PBXFileReference; lastKnownFileType = sourcecode.c.h; path = "Jackit-Prefix.pch"; sourceTree = "<group>"; };
		6F97458518F9251D00D02FFC /* AppDelegate.h */ = {isa = PBXFileReference; lastKnownFileType = sourcecode.c.h; path = AppDelegate.h; sourceTree = "<group>"; };
		6F97458618F9251D00D02FFC /* AppDelegate.m */ = {isa = PBXFileReference; lastKnownFileType = sourcecode.c.objc; path = AppDelegate.m; sourceTree = "<group>"; };
		6F97458918F9251D00D02FFC /* Base */ = {isa = PBXFileReference; lastKnownFileType = file.storyboard; name = Base; path = Base.lproj/Main.storyboard; sourceTree = "<group>"; };
		6F97458B18F9251D00D02FFC /* ViewController.h */ = {isa = PBXFileReference; lastKnownFileType = sourcecode.c.h; path = ViewController.h; sourceTree = "<group>"; };
		6F97458C18F9251D00D02FFC /* ViewController.m */ = {isa = PBXFileReference; lastKnownFileType = sourcecode.c.objc; path = ViewController.m; sourceTree = "<group>"; };
		6F97458E18F9251D00D02FFC /* Images.xcassets */ = {isa = PBXFileReference; lastKnownFileType = folder.assetcatalog; path = Images.xcassets; sourceTree = "<group>"; };
		6F97459418F9251E00D02FFC /* JackitTests.xctest */ = {isa = PBXFileReference; explicitFileType = wrapper.cfbundle; includeInIndex = 0; path = JackitTests.xctest; sourceTree = BUILT_PRODUCTS_DIR; };
		6F97459518F9251E00D02FFC /* XCTest.framework */ = {isa = PBXFileReference; lastKnownFileType = wrapper.framework; name = XCTest.framework; path = Library/Frameworks/XCTest.framework; sourceTree = DEVELOPER_DIR; };
		6F97459D18F9251E00D02FFC /* JackitTests-Info.plist */ = {isa = PBXFileReference; lastKnownFileType = text.plist.xml; path = "JackitTests-Info.plist"; sourceTree = "<group>"; };
		6F97459F18F9251E00D02FFC /* en */ = {isa = PBXFileReference; lastKnownFileType = text.plist.strings; name = en; path = en.lproj/InfoPlist.strings; sourceTree = "<group>"; };
		6F9745A118F9251E00D02FFC /* JackitTests.m */ = {isa = PBXFileReference; lastKnownFileType = sourcecode.c.objc; path = JackitTests.m; sourceTree = "<group>"; };
/* End PBXFileReference section */

/* Begin PBXFrameworksBuildPhase section */
		6F97457018F9251C00D02FFC /* Frameworks */ = {
			isa = PBXFrameworksBuildPhase;
			buildActionMask = 2147483647;
			files = (
				6F97457918F9251D00D02FFC /* CoreGraphics.framework in Frameworks */,
				6F97457B18F9251D00D02FFC /* UIKit.framework in Frameworks */,
				6F97457718F9251D00D02FFC /* Foundation.framework in Frameworks */,
			);
			runOnlyForDeploymentPostprocessing = 0;
		};
		6F97459118F9251E00D02FFC /* Frameworks */ = {
			isa = PBXFrameworksBuildPhase;
			buildActionMask = 2147483647;
			files = (
				6F97459618F9251E00D02FFC /* XCTest.framework in Frameworks */,
				6F97459818F9251E00D02FFC /* UIKit.framework in Frameworks */,
				6F97459718F9251E00D02FFC /* Foundation.framework in Frameworks */,
			);
			runOnlyForDeploymentPostprocessing = 0;
		};
/* End PBXFrameworksBuildPhase section */

/* Begin PBXGroup section */
		6F97456A18F9251B00D02FFC = {
			isa = PBXGroup;
			children = (
				6F97457C18F9251D00D02FFC /* Jackit */,
				6F97459B18F9251E00D02FFC /* JackitTests */,
				6F97457518F9251C00D02FFC /* Frameworks */,
				6F97457418F9251C00D02FFC /* Products */,
			);
			sourceTree = "<group>";
		};
		6F97457418F9251C00D02FFC /* Products */ = {
			isa = PBXGroup;
			children = (
				6F97457318F9251C00D02FFC /* Jackit.app */,
				6F97459418F9251E00D02FFC /* JackitTests.xctest */,
			);
			name = Products;
			sourceTree = "<group>";
		};
		6F97457518F9251C00D02FFC /* Frameworks */ = {
			isa = PBXGroup;
			children = (
				6F97457618F9251D00D02FFC /* Foundation.framework */,
				6F97457818F9251D00D02FFC /* CoreGraphics.framework */,
				6F97457A18F9251D00D02FFC /* UIKit.framework */,
				6F97459518F9251E00D02FFC /* XCTest.framework */,
			);
			name = Frameworks;
			sourceTree = "<group>";
		};
		6F97457C18F9251D00D02FFC /* Jackit */ = {
			isa = PBXGroup;
			children = (
				6F97458518F9251D00D02FFC /* AppDelegate.h */,
				6F97458618F9251D00D02FFC /* AppDelegate.m */,
				6F97458818F9251D00D02FFC /* Main.storyboard */,
				6F97458B18F9251D00D02FFC /* ViewController.h */,
				6F97458C18F9251D00D02FFC /* ViewController.m */,
				6F97458E18F9251D00D02FFC /* Images.xcassets */,
				6F97457D18F9251D00D02FFC /* Supporting Files */,
			);
			path = Jackit;
			sourceTree = "<group>";
		};
		6F97457D18F9251D00D02FFC /* Supporting Files */ = {
			isa = PBXGroup;
			children = (
				6F97457E18F9251D00D02FFC /* Jackit-Info.plist */,
				6F97457F18F9251D00D02FFC /* InfoPlist.strings */,
				6F97458218F9251D00D02FFC /* main.m */,
				6F97458418F9251D00D02FFC /* Jackit-Prefix.pch */,
			);
			name = "Supporting Files";
			sourceTree = "<group>";
		};
		6F97459B18F9251E00D02FFC /* JackitTests */ = {
			isa = PBXGroup;
			children = (
				6F9745A118F9251E00D02FFC /* JackitTests.m */,
				6F97459C18F9251E00D02FFC /* Supporting Files */,
			);
			path = JackitTests;
			sourceTree = "<group>";
		};
		6F97459C18F9251E00D02FFC /* Supporting Files */ = {
			isa = PBXGroup;
			children = (
				6F97459D18F9251E00D02FFC /* JackitTests-Info.plist */,
				6F97459E18F9251E00D02FFC /* InfoPlist.strings */,
			);
			name = "Supporting Files";
			sourceTree = "<group>";
		};
/* End PBXGroup section */

/* Begin PBXNativeTarget section */
		6F97457218F9251C00D02FFC /* Jackit */ = {
			isa = PBXNativeTarget;
			buildConfigurationList = 6F9745A518F9251E00D02FFC /* Build configuration list for PBXNativeTarget "Jackit" */;
			buildPhases = (
				6F97456F18F9251C00D02FFC /* Sources */,
				6F97457018F9251C00D02FFC /* Frameworks */,
				6F97457118F9251C00D02FFC /* Resources */,
			);
			buildRules = (
			);
			dependencies = (
			);
			name = Jackit;
			productName = Jackit;
			productReference = 6F97457318F9251C00D02FFC /* Jackit.app */;
			productType = "com.apple.product-type.application";
		};
		6F97459318F9251E00D02FFC /* JackitTests */ = {
			isa = PBXNativeTarget;
			buildConfigurationList = 6F9745A818F9251E00D02FFC /* Build configuration list for PBXNativeTarget "JackitTests" */;
			buildPhases = (
				6F97459018F9251E00D02FFC /* Sources */,
				6F97459118F9251E00D02FFC /* Frameworks */,
				6F97459218F9251E00D02FFC /* Resources */,
			);
			buildRules = (
			);
			dependencies = (
				6F97459A18F9251E00D02FFC /* PBXTargetDependency */,
			);
			name = JackitTests;
			productName = JackitTests;
			productReference = 6F97459418F9251E00D02FFC /* JackitTests.xctest */;
			productType = "com.apple.product-type.bundle.unit-test";
		};
/* End PBXNativeTarget section */

/* Begin PBXProject section */
		6F97456B18F9251C00D02FFC /* Project object */ = {
			isa = PBXProject;
			attributes = {
				LastUpgradeCheck = 0500;
				ORGANIZATIONNAME = JoshAnatalioLAHacks;
				TargetAttributes = {
					6F97459318F9251E00D02FFC = {
						TestTargetID = 6F97457218F9251C00D02FFC;
					};
				};
			};
			buildConfigurationList = 6F97456E18F9251C00D02FFC /* Build configuration list for PBXProject "Jackit" */;
			compatibilityVersion = "Xcode 3.2";
			developmentRegion = English;
			hasScannedForEncodings = 0;
			knownRegions = (
				en,
				Base,
			);
			mainGroup = 6F97456A18F9251B00D02FFC;
			productRefGroup = 6F97457418F9251C00D02FFC /* Products */;
			projectDirPath = "";
			projectRoot = "";
			targets = (
				6F97457218F9251C00D02FFC /* Jackit */,
				6F97459318F9251E00D02FFC /* JackitTests */,
			);
		};
/* End PBXProject section */

/* Begin PBXResourcesBuildPhase section */
		6F97457118F9251C00D02FFC /* Resources */ = {
			isa = PBXResourcesBuildPhase;
			buildActionMask = 2147483647;
			files = (
				6F97458F18F9251D00D02FFC /* Images.xcassets in Resources */,
				6F97458118F9251D00D02FFC /* InfoPlist.strings in Resources */,
				6F97458A18F9251D00D02FFC /* Main.storyboard in Resources */,
			);
			runOnlyForDeploymentPostprocessing = 0;
		};
		6F97459218F9251E00D02FFC /* Resources */ = {
			isa = PBXResourcesBuildPhase;
			buildActionMask = 2147483647;
			files = (
				6F9745A018F9251E00D02FFC /* InfoPlist.strings in Resources */,
			);
			runOnlyForDeploymentPostprocessing = 0;
		};
/* End PBXResourcesBuildPhase section */

/* Begin PBXSourcesBuildPhase section */
		6F97456F18F9251C00D02FFC /* Sources */ = {
			isa = PBXSourcesBuildPhase;
			buildActionMask = 2147483647;
			files = (
				6F97458D18F9251D00D02FFC /* ViewController.m in Sources */,
				6F97458718F9251D00D02FFC /* AppDelegate.m in Sources */,
				6F97458318F9251D00D02FFC /* main.m in Sources */,
			);
			runOnlyForDeploymentPostprocessing = 0;
		};
		6F97459018F9251E00D02FFC /* Sources */ = {
			isa = PBXSourcesBuildPhase;
			buildActionMask = 2147483647;
			files = (
				6F9745A218F9251E00D02FFC /* JackitTests.m in Sources */,
			);
			runOnlyForDeploymentPostprocessing = 0;
		};
/* End PBXSourcesBuildPhase section */

/* Begin PBXTargetDependency section */
		6F97459A18F9251E00D02FFC /* PBXTargetDependency */ = {
			isa = PBXTargetDependency;
			target = 6F97457218F9251C00D02FFC /* Jackit */;
			targetProxy = 6F97459918F9251E00D02FFC /* PBXContainerItemProxy */;
		};
/* End PBXTargetDependency section */

/* Begin PBXVariantGroup section */
		6F97457F18F9251D00D02FFC /* InfoPlist.strings */ = {
			isa = PBXVariantGroup;
			children = (
				6F97458018F9251D00D02FFC /* en */,
			);
			name = InfoPlist.strings;
			sourceTree = "<group>";
		};
		6F97458818F9251D00D02FFC /* Main.storyboard */ = {
			isa = PBXVariantGroup;
			children = (
				6F97458918F9251D00D02FFC /* Base */,
			);
			name = Main.storyboard;
			sourceTree = "<group>";
		};
		6F97459E18F9251E00D02FFC /* InfoPlist.strings */ = {
			isa = PBXVariantGroup;
			children = (
				6F97459F18F9251E00D02FFC /* en */,
			);
			name = InfoPlist.strings;
			sourceTree = "<group>";
		};
/* End PBXVariantGroup section */

/* Begin XCBuildConfiguration section */
		6F9745A318F9251E00D02FFC /* Debug */ = {
			isa = XCBuildConfiguration;
			buildSettings = {
				ALWAYS_SEARCH_USER_PATHS = NO;
				ARCHS = "$(ARCHS_STANDARD_INCLUDING_64_BIT)";
				CLANG_CXX_LANGUAGE_STANDARD = "gnu++0x";
				CLANG_CXX_LIBRARY = "libc++";
				CLANG_ENABLE_MODULES = YES;
				CLANG_ENABLE_OBJC_ARC = YES;
				CLANG_WARN_BOOL_CONVERSION = YES;
				CLANG_WARN_CONSTANT_CONVERSION = YES;
				CLANG_WARN_DIRECT_OBJC_ISA_USAGE = YES_ERROR;
				CLANG_WARN_EMPTY_BODY = YES;
				CLANG_WARN_ENUM_CONVERSION = YES;
				CLANG_WARN_INT_CONVERSION = YES;
				CLANG_WARN_OBJC_ROOT_CLASS = YES_ERROR;
				CLANG_WARN__DUPLICATE_METHOD_MATCH = YES;
				"CODE_SIGN_IDENTITY[sdk=iphoneos*]" = "iPhone Developer";
				COPY_PHASE_STRIP = NO;
				GCC_C_LANGUAGE_STANDARD = gnu99;
				GCC_DYNAMIC_NO_PIC = NO;
				GCC_OPTIMIZATION_LEVEL = 0;
				GCC_PREPROCESSOR_DEFINITIONS = (
					"DEBUG=1",
					"$(inherited)",
				);
				GCC_SYMBOLS_PRIVATE_EXTERN = NO;
				GCC_WARN_64_TO_32_BIT_CONVERSION = YES;
				GCC_WARN_ABOUT_RETURN_TYPE = YES_ERROR;
				GCC_WARN_UNDECLARED_SELECTOR = YES;
				GCC_WARN_UNINITIALIZED_AUTOS = YES;
				GCC_WARN_UNUSED_FUNCTION = YES;
				GCC_WARN_UNUSED_VARIABLE = YES;
				IPHONEOS_DEPLOYMENT_TARGET = 7.0;
				ONLY_ACTIVE_ARCH = YES;
				SDKROOT = iphoneos;
			};
			name = Debug;
		};
		6F9745A418F9251E00D02FFC /* Release */ = {
			isa = XCBuildConfiguration;
			buildSettings = {
				ALWAYS_SEARCH_USER_PATHS = NO;
				ARCHS = "$(ARCHS_STANDARD_INCLUDING_64_BIT)";
				CLANG_CXX_LANGUAGE_STANDARD = "gnu++0x";
				CLANG_CXX_LIBRARY = "libc++";
				CLANG_ENABLE_MODULES = YES;
				CLANG_ENABLE_OBJC_ARC = YES;
				CLANG_WARN_BOOL_CONVERSION = YES;
				CLANG_WARN_CONSTANT_CONVERSION = YES;
				CLANG_WARN_DIRECT_OBJC_ISA_USAGE = YES_ERROR;
				CLANG_WARN_EMPTY_BODY = YES;
				CLANG_WARN_ENUM_CONVERSION = YES;
				CLANG_WARN_INT_CONVERSION = YES;
				CLANG_WARN_OBJC_ROOT_CLASS = YES_ERROR;
				CLANG_WARN__DUPLICATE_METHOD_MATCH = YES;
				"CODE_SIGN_IDENTITY[sdk=iphoneos*]" = "iPhone Developer";
				COPY_PHASE_STRIP = YES;
				ENABLE_NS_ASSERTIONS = NO;
				GCC_C_LANGUAGE_STANDARD = gnu99;
				GCC_WARN_64_TO_32_BIT_CONVERSION = YES;
				GCC_WARN_ABOUT_RETURN_TYPE = YES_ERROR;
				GCC_WARN_UNDECLARED_SELECTOR = YES;
				GCC_WARN_UNINITIALIZED_AUTOS = YES;
				GCC_WARN_UNUSED_FUNCTION = YES;
				GCC_WARN_UNUSED_VARIABLE = YES;
				IPHONEOS_DEPLOYMENT_TARGET = 7.0;
				SDKROOT = iphoneos;
				VALIDATE_PRODUCT = YES;
			};
			name = Release;
		};
		6F9745A618F9251E00D02FFC /* Debug */ = {
			isa = XCBuildConfiguration;
			buildSettings = {
				ASSETCATALOG_COMPILER_APPICON_NAME = AppIcon;
				ASSETCATALOG_COMPILER_LAUNCHIMAGE_NAME = LaunchImage;
				GCC_PRECOMPILE_PREFIX_HEADER = YES;
				GCC_PREFIX_HEADER = "Jackit/Jackit-Prefix.pch";
				INFOPLIST_FILE = "Jackit/Jackit-Info.plist";
				PRODUCT_NAME = "$(TARGET_NAME)";
				WRAPPER_EXTENSION = app;
			};
			name = Debug;
		};
		6F9745A718F9251E00D02FFC /* Release */ = {
			isa = XCBuildConfiguration;
			buildSettings = {
				ASSETCATALOG_COMPILER_APPICON_NAME = AppIcon;
				ASSETCATALOG_COMPILER_LAUNCHIMAGE_NAME = LaunchImage;
				GCC_PRECOMPILE_PREFIX_HEADER = YES;
				GCC_PREFIX_HEADER = "Jackit/Jackit-Prefix.pch";
				INFOPLIST_FILE = "Jackit/Jackit-Info.plist";
				PRODUCT_NAME = "$(TARGET_NAME)";
				WRAPPER_EXTENSION = app;
			};
			name = Release;
		};
		6F9745A918F9251E00D02FFC /* Debug */ = {
			isa = XCBuildConfiguration;
			buildSettings = {
				ARCHS = "$(ARCHS_STANDARD_INCLUDING_64_BIT)";
				BUNDLE_LOADER = "$(BUILT_PRODUCTS_DIR)/Jackit.app/Jackit";
				FRAMEWORK_SEARCH_PATHS = (
					"$(SDKROOT)/Developer/Library/Frameworks",
					"$(inherited)",
					"$(DEVELOPER_FRAMEWORKS_DIR)",
				);
				GCC_PRECOMPILE_PREFIX_HEADER = YES;
				GCC_PREFIX_HEADER = "Jackit/Jackit-Prefix.pch";
				GCC_PREPROCESSOR_DEFINITIONS = (
					"DEBUG=1",
					"$(inherited)",
				);
				INFOPLIST_FILE = "JackitTests/JackitTests-Info.plist";
				PRODUCT_NAME = "$(TARGET_NAME)";
				TEST_HOST = "$(BUNDLE_LOADER)";
				WRAPPER_EXTENSION = xctest;
			};
			name = Debug;
		};
		6F9745AA18F9251E00D02FFC /* Release */ = {
			isa = XCBuildConfiguration;
			buildSettings = {
				ARCHS = "$(ARCHS_STANDARD_INCLUDING_64_BIT)";
				BUNDLE_LOADER = "$(BUILT_PRODUCTS_DIR)/Jackit.app/Jackit";
				FRAMEWORK_SEARCH_PATHS = (
					"$(SDKROOT)/Developer/Library/Frameworks",
					"$(inherited)",
					"$(DEVELOPER_FRAMEWORKS_DIR)",
				);
				GCC_PRECOMPILE_PREFIX_HEADER = YES;
				GCC_PREFIX_HEADER = "Jackit/Jackit-Prefix.pch";
				INFOPLIST_FILE = "JackitTests/JackitTests-Info.plist";
				PRODUCT_NAME = "$(TARGET_NAME)";
				TEST_HOST = "$(BUNDLE_LOADER)";
				WRAPPER_EXTENSION = xctest;
			};
			name = Release;
		};
/* End XCBuildConfiguration section */

/* Begin XCConfigurationList section */
		6F97456E18F9251C00D02FFC /* Build configuration list for PBXProject "Jackit" */ = {
			isa = XCConfigurationList;
			buildConfigurations = (
				6F9745A318F9251E00D02FFC /* Debug */,
				6F9745A418F9251E00D02FFC /* Release */,
			);
			defaultConfigurationIsVisible = 0;
			defaultConfigurationName = Release;
		};
		6F9745A518F9251E00D02FFC /* Build configuration list for PBXNativeTarget "Jackit" */ = {
			isa = XCConfigurationList;
			buildConfigurations = (
				6F9745A618F9251E00D02FFC /* Debug */,
				6F9745A718F9251E00D02FFC /* Release */,
			);
			defaultConfigurationIsVisible = 0;
		};
		6F9745A818F9251E00D02FFC /* Build configuration list for PBXNativeTarget "JackitTests" */ = {
			isa = XCConfigurationList;
			buildConfigurations = (
				6F9745A918F9251E00D02FFC /* Debug */,
				6F9745AA18F9251E00D02FFC /* Release */,
			);
			defaultConfigurationIsVisible = 0;
		};
/* End XCConfigurationList section */
	};
	rootObject = 6F97456B18F9251C00D02FFC /* Project object */;
}
